{
  "name": "koatest",
  "version": "1.0.0",
  "lockfileVersion": 1,
  "requires": true,
  "dependencies": {
    "bluebird": {
      "version": "3.5.1",
      "resolved": "https://registry.npm.taobao.org/bluebird/download/bluebird-3.5.1.tgz?cache=0&sync_timestamp=1571131592306&other_urls=https%3A%2F%2Fregistry.npm.taobao.org%2Fbluebird%2Fdownload%2Fbluebird-3.5.1.tgz",
      "integrity": "sha1-2VUfnemPH82h5oPRfukaBgLuLrk="
    },
    "bson": {
      "version": "1.1.6",
      "resolved": "https://registry.npmjs.org/bson/-/bson-1.1.6.tgz",
      "integrity": "sha512-EvVNVeGo4tHxwi8L6bPj3y3itEvStdwvvlojVxxbyYfoaxJ6keLgrTuKdyfEAszFK+H3olzBuafE0yoh0D1gdg=="
    },
    "debug": {
      "version": "3.1.0",
      "resolved": "http://registry.npm.taobao.org/debug/download/debug-3.1.0.tgz",
      "integrity": "sha1-W7WgZyYotkFJVmuhaBnmFRjGcmE=",
      "requires": {
        "ms": "2.0.0"
      },
      "dependencies": {
        "ms": {
          "version": "2.0.0",
          "resolved": "https://registry.npm.taobao.org/ms/download/ms-2.0.0.tgz",
          "integrity": "sha1-VgiurfwAvmwpAd9fmGF4jeDVl8g="
        }
      }
    },
    "kareem": {
      "version": "2.3.1",
      "resolved": "https://registry.npm.taobao.org/kareem/download/kareem-2.3.1.tgz?cache=0&sync_timestamp=1566532069231&other_urls=https%3A%2F%2Fregistry.npm.taobao.org%2Fkareem%2Fdownload%2Fkareem-2.3.1.tgz",
      "integrity": "sha1-3vEtnJQQF/q/sA+HOvlenJnhvoc="
    },
    "memory-pager": {
      "version": "1.5.0",
      "resolved": "https://registry.npm.taobao.org/memory-pager/download/memory-pager-1.5.0.tgz",
      "integrity": "sha1-2HUWVdItOEaCdByXLyw9bfo+ZrU=",
      "optional": true
    },
    "mongodb": {
      "version": "3.3.3",
      "resolved": "https://registry.npm.taobao.org/mongodb/download/mongodb-3.3.3.tgz",
      "integrity": "sha1-UJytIiWhxWxlozHtc6DV1O1cvmc=",
      "requires": {
        "bson": "^1.1.1",
        "require_optional": "^1.0.1",
        "safe-buffer": "^5.1.2",
        "saslprep": "^1.0.0"
      }
    },
    "mongoose": {
      "version": "5.7.7",
      "resolved": "https://registry.npm.taobao.org/mongoose/download/mongoose-5.7.7.tgz",
      "integrity": "sha1-A4tH0QQ06mzJ7JtF2Iv8+atAGho=",
      "requires": {
        "bson": "~1.1.1",
        "kareem": "2.3.1",
        "mongodb": "3.3.3",
        "mongoose-legacy-pluralize": "1.0.2",
        "mpath": "0.6.0",
        "mquery": "3.2.2",
        "ms": "2.1.2",
        "regexp-clone": "1.0.0",
        "safe-buffer": "5.1.2",
        "sift": "7.0.1",
        "sliced": "1.0.1"
      }
    },
    "mongoose-legacy-pluralize": {
      "version": "1.0.2",
      "resolved": "https://registry.npm.taobao.org/mongoose-legacy-pluralize/download/mongoose-legacy-pluralize-1.0.2.tgz",
      "integrity": "sha1-O6n5H6UHtRhtOZ+0CFS/8Y+1Y+Q="
    },
    "monk": {
      "version": "7.1.1",
      "resolved": "https://registry.npm.taobao.org/monk/download/monk-7.1.1.tgz",
      "integrity": "sha1-SxZT/lHDyn1ngOldyqf8tc+TG3c=",
      "dev": true,
      "requires": {
        "debug": "*",
        "mongodb": "^3.2.3",
        "monk-middleware-cast-ids": "^0.2.1",
        "monk-middleware-fields": "^0.2.0",
        "monk-middleware-handle-callback": "^0.2.0",
        "monk-middleware-options": "^0.2.1",
        "monk-middleware-query": "^0.2.0",
        "monk-middleware-wait-for-connection": "^0.2.0",
        "object-assign": "^4.1.1"
      }
    },
    "monk-middleware-cast-ids": {
      "version": "0.2.1",
      "resolved": "https://registry.npm.taobao.org/monk-middleware-cast-ids/download/monk-middleware-cast-ids-0.2.1.tgz",
      "integrity": "sha1-QMQOWmyzPM7cKJIglDJ17ohhxSk=",
      "dev": true
    },
    "monk-middleware-fields": {
      "version": "0.2.0",
      "resolved": "https://registry.npm.taobao.org/monk-middleware-fields/download/monk-middleware-fields-0.2.0.tgz",
      "integrity": "sha1-/2N6819ZSIecyyvhWpE2CRG+psE=",
      "dev": true
    },
    "monk-middleware-handle-callback": {
      "version": "0.2.2",
      "resolved": "https://registry.npm.taobao.org/monk-middleware-handle-callback/download/monk-middleware-handle-callback-0.2.2.tgz",
      "integrity": "sha1-R95swSSHJscqK+DIG8TmgxDDIUY=",
      "dev": true
    },
    "monk-middleware-options": {
      "version": "0.2.1",
      "resolved": "https://registry.npm.taobao.org/monk-middleware-options/download/monk-middleware-options-0.2.1.tgz",
      "integrity": "sha1-WNrhxRjUZjbr3/UG+t/Hc7tEKIY=",
      "dev": true
    },
    "monk-middleware-query": {
      "version": "0.2.0",
      "resolved": "https://registry.npm.taobao.org/monk-middleware-query/download/monk-middleware-query-0.2.0.tgz",
      "integrity": "sha1-qSbGd9SlYgxiFRsKVtDAwVFnWHQ=",
      "dev": true
    },
    "monk-middleware-wait-for-connection": {
      "version": "0.2.0",
      "resolved": "https://registry.npm.taobao.org/monk-middleware-wait-for-connection/download/monk-middleware-wait-for-connection-0.2.0.tgz",
      "integrity": "sha1-MSlY0w5Yi1fQl1TdfJe0hDMWg1o=",
      "dev": true
    },
    "mpath": {
      "version": "0.6.0",
      "resolved": "https://registry.npm.taobao.org/mpath/download/mpath-0.6.0.tgz",
      "integrity": "sha1-qpIgKfyk8PZB82DnTFwbakxHB44="
    },
    "mquery": {
      "version": "3.2.2",
      "resolved": "https://registry.npm.taobao.org/mquery/download/mquery-3.2.2.tgz",
      "integrity": "sha1-4Tg6OVGFLOI+N/YZqbNQ8fs2ZOc=",
      "requires": {
        "bluebird": "3.5.1",
        "debug": "3.1.0",
        "regexp-clone": "^1.0.0",
        "safe-buffer": "5.1.2",
        "sliced": "1.0.1"
      }
    },
    "ms": {
      "version": "2.1.2",
      "resolved": "https://registry.npm.taobao.org/ms/download/ms-2.1.2.tgz",
      "integrity": "sha1-0J0fNXtEP0kzgqjrPM0YOHKuYAk="
    },
    "object-assign": {
      "version": "4.1.1",
      "resolved": "http://registry.npm.taobao.org/object-assign/download/object-assign-4.1.1.tgz",
      "integrity": "sha1-IQmtx5ZYh8/AXLvUQsrIv7s2CGM=",
      "dev": true
    },
    "regexp-clone": {
      "version": "1.0.0",
      "resolved": "https://registry.npm.taobao.org/regexp-clone/download/regexp-clone-1.0.0.tgz",
      "integrity": "sha1-Ii25Z2IydwViYLmSYmNUoEzpv2M="
    },
    "require_optional": {
      "version": "1.0.1",
      "resolved": "https://registry.npm.taobao.org/require_optional/download/require_optional-1.0.1.tgz",
      "integrity": "sha1-TPNaQkf2TKPfjC7yCMxJSxyo/C4=",
      "requires": {
        "resolve-from": "^2.0.0",
        "semver": "^5.1.0"
      }
    },
    "resolve-from": {
      "version": "2.0.0",
      "resolved": "https://registry.npm.taobao.org/resolve-from/download/resolve-from-2.0.0.tgz",
      "integrity": "sha1-lICrIOlP+h2egKgEx+oUdhGWa1c="
    },
    "safe-buffer": {
      "version": "5.1.2",
      "resolved": "https://registry.npm.taobao.org/safe-buffer/download/safe-buffer-5.1.2.tgz",
      "integrity": "sha1-mR7GnSluAxN0fVm9/St0XDX4go0="
    },
    "saslprep": {
      "version": "1.0.3",
      "resolved": "https://registry.npm.taobao.org/saslprep/download/saslprep-1.0.3.tgz",
      "integrity": "sha1-TAL5RrVs9UKX40e6EJPnrKxM8iY=",
      "optional": true,
      "requires": {
        "sparse-bitfield": "^3.0.3"
      }
    },
    "semver": {
      "version": "5.7.1",
      "resolved": "https://registry.npm.taobao.org/semver/download/semver-5.7.1.tgz?cache=0&sync_timestamp=1565627367398&other_urls=https%3A%2F%2Fregistry.npm.taobao.org%2Fsemver%2Fdownload%2Fsemver-5.7.1.tgz",
      "integrity": "sha1-qVT5Ma66UI0we78Gnv8MAclhFvc="
    },
    "sift": {
      "version": "7.0.1",
      "resolved": "https://registry.npm.taobao.org/sift/download/sift-7.0.1.tgz",
      "integrity": "sha1-R9YsULFZ0xbxNy+LU/nBDNIaSwg="
    },
    "sliced": {
      "version": "1.0.1",
      "resolved": "https://registry.npm.taobao.org/sliced/download/sliced-1.0.1.tgz",
      "integrity": "sha1-CzpmK10Ewxd7GSa+qCsD+Dei70E="
    },
    "sparse-bitfield": {
      "version": "3.0.3",
      "resolved": "https://registry.npm.taobao.org/sparse-bitfield/download/sparse-bitfield-3.0.3.tgz",
      "integrity": "sha1-/0rm5oZWBWuks+eSqzM004JzyhE=",
      "optional": true,
      "requires": {
        "memory-pager": "^1.0.2"
      }
    }
  }
}
